
Microsoft Visual Studio Solution File, Format Version 12.00
Project("{FAE04EC0-301F-11D3-BF4B-00C04F79EFBC}") = "Lab2Interpreter", "Lab2Interpreter\Lab2Interpreter.csproj", "{798800B2-D663-4D0A-9562-AA5A52A17C78}"
EndProject
Global
	GlobalSection(SolutionConfigurationPlatforms) = preSolution
		Debug|Any CPU = Debug|Any CPU
		Release|Any CPU = Release|Any CPU
	EndGlobalSection
	GlobalSection(ProjectConfigurationPlatforms) = postSolution
		{798800B2-D663-4D0A-9562-AA5A52A17C78}.Debug|Any CPU.ActiveCfg = Debug|Any CPU
		{798800B2-D663-4D0A-9562-AA5A52A17C78}.Debug|Any CPU.Build.0 = Debug|Any CPU
		{798800B2-D663-4D0A-9562-AA5A52A17C78}.Release|Any CPU.ActiveCfg = Release|Any CPU
		{798800B2-D663-4D0A-9562-AA5A52A17C78}.Release|Any CPU.Build.0 = Release|Any CPU
	EndGlobalSection
EndGlobal
